{
  "nodes": {
    "denops-vim": {
      "flake": false,
      "locked": {
        "lastModified": 1722058756,
        "narHash": "sha256-pV+1SfXWlURNq2JSGQ3HyO9Ah/Fzur0FdelJmaGLwrU=",
        "owner": "vim-denops",
        "repo": "denops.vim",
        "rev": "8c920ec6f190c5c77287f802884bc2004799d062",
        "type": "github"
      },
      "original": {
        "owner": "vim-denops",
        "repo": "denops.vim",
        "type": "github"
      }
    },
    "nixpkgs": {
      "locked": {
        "lastModified": 1722062969,
        "narHash": "sha256-QOS0ykELUmPbrrUGmegAUlpmUFznDQeR4q7rFhl8eQg=",
        "owner": "nixos",
        "repo": "nixpkgs",
        "rev": "b73c2221a46c13557b1b3be9c2070cc42cf01eb3",
        "type": "github"
      },
      "original": {
        "owner": "nixos",
        "ref": "nixos-unstable",
        "repo": "nixpkgs",
        "type": "github"
      }
    },
    "root": {
      "inputs": {
        "denops-vim": "denops-vim",
        "nixpkgs": "nixpkgs"
      }
    }
  },
  "root": "root",
  "version": 7
}
